<?xml version="1.0" encoding="utf-8"?>
<Project ToolsVersion="4.0" xmlns="http://schemas.microsoft.com/developer/msbuild/2003">
  <ItemGroup>
    <Filter Include="src">
      <UniqueIdentifier>{2d11bd57-7af6-4535-a374-8a80433a6860}</UniqueIdentifier>
    </Filter>
    <Filter Include="include">
      <UniqueIdentifier>{b801d14c-ccc0-4873-9b0b-e24f7a903998}</UniqueIdentifier>
    </Filter>
  </ItemGroup>
  <ItemGroup>
    <ClCompile Include="piddle.cpp">
      <Filter>src</Filter>
    </ClCompile>
  </ItemGroup>
</Project>