<?xml version="1.0" encoding="utf-8"?>
<Project ToolsVersion="4.0" xmlns="http://schemas.microsoft.com/developer/msbuild/2003">
  <ItemGroup>
    <Filter Include="src">
      <UniqueIdentifier>{40857e21-51e2-4805-8c1c-20be87dc1ec4}</UniqueIdentifier>
    </Filter>
    <Filter Include="include">
      <UniqueIdentifier>{097706b0-5111-4fde-b277-d7058965afe8}</UniqueIdentifier>
    </Filter>
  </ItemGroup>
  <ItemGroup>
    <ClCompile Include="zoom.cpp">
      <Filter>src</Filter>
    </ClCompile>
  </ItemGroup>
</Project>